
Microsoft Visual Studio Solution File, Format Version 12.00
# Visual Studio Version 16
VisualStudioVersion = 16.0.33130.400
MinimumVisualStudioVersion = 10.0.40219.1
Project("{FAE04EC0-301F-11D3-BF4B-00C04F79EFBC}") = "scoffold3", "scoffold3\scoffold3.csproj", "{683F9483-8FAA-4D38-9B6C-71258D837EC8}"
EndProject
Global
	GlobalSection(SolutionConfigurationPlatforms) = preSolution
		Debug|Any CPU = Debug|Any CPU
		Release|Any CPU = Release|Any CPU
	EndGlobalSection
	GlobalSection(ProjectConfigurationPlatforms) = postSolution
		{683F9483-8FAA-4D38-9B6C-71258D837EC8}.Debug|Any CPU.ActiveCfg = Debug|Any CPU
		{683F9483-8FAA-4D38-9B6C-71258D837EC8}.Debug|Any CPU.Build.0 = Debug|Any CPU
		{683F9483-8FAA-4D38-9B6C-71258D837EC8}.Release|Any CPU.ActiveCfg = Release|Any CPU
		{683F9483-8FAA-4D38-9B6C-71258D837EC8}.Release|Any CPU.Build.0 = Release|Any CPU
	EndGlobalSection
	GlobalSection(SolutionProperties) = preSolution
		HideSolutionNode = FALSE
	EndGlobalSection
	GlobalSection(ExtensibilityGlobals) = postSolution
		SolutionGuid = {82C099E3-296C-4635-B617-5592616452C7}
	EndGlobalSection
EndGlobal
